
Microsoft Visual Studio Solution File, Format Version 12.00
# Visual Studio 2012
Project("{FAE04EC0-301F-11D3-BF4B-00C04F79EFBC}") = "ThinClientUrlExtension", "ThinClientUrlExtension\ThinClientUrlExtension.csproj", "{6129DBE0-5029-47A9-8B74-BAE03A27B838}"
EndProject
Global
	GlobalSection(SolutionConfigurationPlatforms) = preSolution
		Debug|Any CPU = Debug|Any CPU
		Release|Any CPU = Release|Any CPU
	EndGlobalSection
	GlobalSection(ProjectConfigurationPlatforms) = postSolution
		{6129DBE0-5029-47A9-8B74-BAE03A27B838}.Debug|Any CPU.ActiveCfg = Debug|Any CPU
		{6129DBE0-5029-47A9-8B74-BAE03A27B838}.Debug|Any CPU.Build.0 = Debug|Any CPU
		{6129DBE0-5029-47A9-8B74-BAE03A27B838}.Release|Any CPU.ActiveCfg = Release|Any CPU
		{6129DBE0-5029-47A9-8B74-BAE03A27B838}.Release|Any CPU.Build.0 = Release|Any CPU
	EndGlobalSection
	GlobalSection(SolutionProperties) = preSolution
		HideSolutionNode = FALSE
	EndGlobalSection
EndGlobal
